
Microsoft Visual Studio Solution File, Format Version 12.00
# Visual Studio Version 16
Project("{8BC9CEB8-8B4A-11D0-8D11-00A0C91BC942}") = "Core", "Core\Core.vcxproj", "{2EB4837C-1AEB-840D-C3D7-6A10AFED000F}"
EndProject
Project("{8BC9CEB8-8B4A-11D0-8D11-00A0C91BC942}") = "GLFW", "GLFW\GLFW.vcxproj", "{154B857C-0182-860D-AA6E-6C109684020F}"
EndProject
Project("{8BC9CEB8-8B4A-11D0-8D11-00A0C91BC942}") = "GraphicEngine", "GraphicEngine\GraphicEngine.vcxproj", "{9933BF30-05F4-3A67-CE2E-84E43AAE7F43}"
EndProject
Project("{8BC9CEB8-8B4A-11D0-8D11-00A0C91BC942}") = "Lua", "Lua\Lua.vcxproj", "{A705880B-130F-887C-9C8A-9E7C0893937C}"
EndProject
Project("{8BC9CEB8-8B4A-11D0-8D11-00A0C91BC942}") = "LuaWrapper", "LuaWrapper\LuaWrapper.vcxproj", "{489EB364-3456-F5B1-9D5D-CE0D893490A2}"
EndProject
Project("{8BC9CEB8-8B4A-11D0-8D11-00A0C91BC942}") = "Math", "Math\Math.vcxproj", "{AFF4887C-9B2B-8A0D-4418-7010302E060F}"
EndProject
Project("{8BC9CEB8-8B4A-11D0-8D11-00A0C91BC942}") = "Maya", "Maya\Maya.vcxproj", "{4DF5887C-392C-8A0D-E218-7010CE2E060F}"
EndProject
Project("{8BC9CEB8-8B4A-11D0-8D11-00A0C91BC942}") = "OpenCL", "OpenCL\OpenCL.vcxproj", "{06864AC8-F227-759E-DBE2-88F2C723FCEE}"
EndProject
Project("{8BC9CEB8-8B4A-11D0-8D11-00A0C91BC942}") = "Sandbox", "Sandbox\Sandbox.vcxproj", "{F4C124E3-60A1-A37E-69B9-2E55D5170AE0}"
EndProject
Global
	GlobalSection(SolutionConfigurationPlatforms) = preSolution
		Debug|Maya2018 = Debug|Maya2018
		Debug|Maya2019 = Debug|Maya2019
		Debug|Maya2020 = Debug|Maya2020
		Debug|vufApp19 = Debug|vufApp19
		Release|Maya2018 = Release|Maya2018
		Release|Maya2019 = Release|Maya2019
		Release|Maya2020 = Release|Maya2020
		Release|vufApp19 = Release|vufApp19
	EndGlobalSection
	GlobalSection(ProjectConfigurationPlatforms) = postSolution
		{2EB4837C-1AEB-840D-C3D7-6A10AFED000F}.Debug|Maya2018.ActiveCfg = Debug Maya2018|x64
		{2EB4837C-1AEB-840D-C3D7-6A10AFED000F}.Debug|Maya2018.Build.0 = Debug Maya2018|x64
		{2EB4837C-1AEB-840D-C3D7-6A10AFED000F}.Debug|Maya2019.ActiveCfg = Debug Maya2019|x64
		{2EB4837C-1AEB-840D-C3D7-6A10AFED000F}.Debug|Maya2019.Build.0 = Debug Maya2019|x64
		{2EB4837C-1AEB-840D-C3D7-6A10AFED000F}.Debug|Maya2020.ActiveCfg = Debug Maya2020|x64
		{2EB4837C-1AEB-840D-C3D7-6A10AFED000F}.Debug|Maya2020.Build.0 = Debug Maya2020|x64
		{2EB4837C-1AEB-840D-C3D7-6A10AFED000F}.Debug|vufApp19.ActiveCfg = Debug vufApp19|x64
		{2EB4837C-1AEB-840D-C3D7-6A10AFED000F}.Debug|vufApp19.Build.0 = Debug vufApp19|x64
		{2EB4837C-1AEB-840D-C3D7-6A10AFED000F}.Release|Maya2018.ActiveCfg = Release Maya2018|x64
		{2EB4837C-1AEB-840D-C3D7-6A10AFED000F}.Release|Maya2018.Build.0 = Release Maya2018|x64
		{2EB4837C-1AEB-840D-C3D7-6A10AFED000F}.Release|Maya2019.ActiveCfg = Release Maya2019|x64
		{2EB4837C-1AEB-840D-C3D7-6A10AFED000F}.Release|Maya2019.Build.0 = Release Maya2019|x64
		{2EB4837C-1AEB-840D-C3D7-6A10AFED000F}.Release|Maya2020.ActiveCfg = Release Maya2020|x64
		{2EB4837C-1AEB-840D-C3D7-6A10AFED000F}.Release|Maya2020.Build.0 = Release Maya2020|x64
		{2EB4837C-1AEB-840D-C3D7-6A10AFED000F}.Release|vufApp19.ActiveCfg = Release vufApp19|x64
		{2EB4837C-1AEB-840D-C3D7-6A10AFED000F}.Release|vufApp19.Build.0 = Release vufApp19|x64
		{154B857C-0182-860D-AA6E-6C109684020F}.Debug|Maya2018.ActiveCfg = Debug Maya2018|x64
		{154B857C-0182-860D-AA6E-6C109684020F}.Debug|Maya2018.Build.0 = Debug Maya2018|x64
		{154B857C-0182-860D-AA6E-6C109684020F}.Debug|Maya2019.ActiveCfg = Debug Maya2019|x64
		{154B857C-0182-860D-AA6E-6C109684020F}.Debug|Maya2019.Build.0 = Debug Maya2019|x64
		{154B857C-0182-860D-AA6E-6C109684020F}.Debug|Maya2020.ActiveCfg = Debug Maya2020|x64
		{154B857C-0182-860D-AA6E-6C109684020F}.Debug|Maya2020.Build.0 = Debug Maya2020|x64
		{154B857C-0182-860D-AA6E-6C109684020F}.Debug|vufApp19.ActiveCfg = Debug vufApp19|x64
		{154B857C-0182-860D-AA6E-6C109684020F}.Debug|vufApp19.Build.0 = Debug vufApp19|x64
		{154B857C-0182-860D-AA6E-6C109684020F}.Release|Maya2018.ActiveCfg = Release Maya2018|x64
		{154B857C-0182-860D-AA6E-6C109684020F}.Release|Maya2018.Build.0 = Release Maya2018|x64
		{154B857C-0182-860D-AA6E-6C109684020F}.Release|Maya2019.ActiveCfg = Release Maya2019|x64
		{154B857C-0182-860D-AA6E-6C109684020F}.Release|Maya2019.Build.0 = Release Maya2019|x64
		{154B857C-0182-860D-AA6E-6C109684020F}.Release|Maya2020.ActiveCfg = Release Maya2020|x64
		{154B857C-0182-860D-AA6E-6C109684020F}.Release|Maya2020.Build.0 = Release Maya2020|x64
		{154B857C-0182-860D-AA6E-6C109684020F}.Release|vufApp19.ActiveCfg = Release vufApp19|x64
		{154B857C-0182-860D-AA6E-6C109684020F}.Release|vufApp19.Build.0 = Release vufApp19|x64
		{9933BF30-05F4-3A67-CE2E-84E43AAE7F43}.Debug|Maya2018.ActiveCfg = Debug Maya2018|x64
		{9933BF30-05F4-3A67-CE2E-84E43AAE7F43}.Debug|Maya2018.Build.0 = Debug Maya2018|x64
		{9933BF30-05F4-3A67-CE2E-84E43AAE7F43}.Debug|Maya2019.ActiveCfg = Debug Maya2019|x64
		{9933BF30-05F4-3A67-CE2E-84E43AAE7F43}.Debug|Maya2019.Build.0 = Debug Maya2019|x64
		{9933BF30-05F4-3A67-CE2E-84E43AAE7F43}.Debug|Maya2020.ActiveCfg = Debug Maya2020|x64
		{9933BF30-05F4-3A67-CE2E-84E43AAE7F43}.Debug|Maya2020.Build.0 = Debug Maya2020|x64
		{9933BF30-05F4-3A67-CE2E-84E43AAE7F43}.Debug|vufApp19.ActiveCfg = Debug vufApp19|x64
		{9933BF30-05F4-3A67-CE2E-84E43AAE7F43}.Debug|vufApp19.Build.0 = Debug vufApp19|x64
		{9933BF30-05F4-3A67-CE2E-84E43AAE7F43}.Release|Maya2018.ActiveCfg = Release Maya2018|x64
		{9933BF30-05F4-3A67-CE2E-84E43AAE7F43}.Release|Maya2018.Build.0 = Release Maya2018|x64
		{9933BF30-05F4-3A67-CE2E-84E43AAE7F43}.Release|Maya2019.ActiveCfg = Release Maya2019|x64
		{9933BF30-05F4-3A67-CE2E-84E43AAE7F43}.Release|Maya2019.Build.0 = Release Maya2019|x64
		{9933BF30-05F4-3A67-CE2E-84E43AAE7F43}.Release|Maya2020.ActiveCfg = Release Maya2020|x64
		{9933BF30-05F4-3A67-CE2E-84E43AAE7F43}.Release|Maya2020.Build.0 = Release Maya2020|x64
		{9933BF30-05F4-3A67-CE2E-84E43AAE7F43}.Release|vufApp19.ActiveCfg = Release vufApp19|x64
		{9933BF30-05F4-3A67-CE2E-84E43AAE7F43}.Release|vufApp19.Build.0 = Release vufApp19|x64
		{A705880B-130F-887C-9C8A-9E7C0893937C}.Debug|Maya2018.ActiveCfg = Debug Maya2018|x64
		{A705880B-130F-887C-9C8A-9E7C0893937C}.Debug|Maya2018.Build.0 = Debug Maya2018|x64
		{A705880B-130F-887C-9C8A-9E7C0893937C}.Debug|Maya2019.ActiveCfg = Debug Maya2019|x64
		{A705880B-130F-887C-9C8A-9E7C0893937C}.Debug|Maya2019.Build.0 = Debug Maya2019|x64
		{A705880B-130F-887C-9C8A-9E7C0893937C}.Debug|Maya2020.ActiveCfg = Debug Maya2020|x64
		{A705880B-130F-887C-9C8A-9E7C0893937C}.Debug|Maya2020.Build.0 = Debug Maya2020|x64
		{A705880B-130F-887C-9C8A-9E7C0893937C}.Debug|vufApp19.ActiveCfg = Debug vufApp19|x64
		{A705880B-130F-887C-9C8A-9E7C0893937C}.Debug|vufApp19.Build.0 = Debug vufApp19|x64
		{A705880B-130F-887C-9C8A-9E7C0893937C}.Release|Maya2018.ActiveCfg = Release Maya2018|x64
		{A705880B-130F-887C-9C8A-9E7C0893937C}.Release|Maya2018.Build.0 = Release Maya2018|x64
		{A705880B-130F-887C-9C8A-9E7C0893937C}.Release|Maya2019.ActiveCfg = Release Maya2019|x64
		{A705880B-130F-887C-9C8A-9E7C0893937C}.Release|Maya2019.Build.0 = Release Maya2019|x64
		{A705880B-130F-887C-9C8A-9E7C0893937C}.Release|Maya2020.ActiveCfg = Release Maya2020|x64
		{A705880B-130F-887C-9C8A-9E7C0893937C}.Release|Maya2020.Build.0 = Release Maya2020|x64
		{A705880B-130F-887C-9C8A-9E7C0893937C}.Release|vufApp19.ActiveCfg = Release vufApp19|x64
		{A705880B-130F-887C-9C8A-9E7C0893937C}.Release|vufApp19.Build.0 = Release vufApp19|x64
		{489EB364-3456-F5B1-9D5D-CE0D893490A2}.Debug|Maya2018.ActiveCfg = Debug Maya2018|x64
		{489EB364-3456-F5B1-9D5D-CE0D893490A2}.Debug|Maya2018.Build.0 = Debug Maya2018|x64
		{489EB364-3456-F5B1-9D5D-CE0D893490A2}.Debug|Maya2019.ActiveCfg = Debug Maya2019|x64
		{489EB364-3456-F5B1-9D5D-CE0D893490A2}.Debug|Maya2019.Build.0 = Debug Maya2019|x64
		{489EB364-3456-F5B1-9D5D-CE0D893490A2}.Debug|Maya2020.ActiveCfg = Debug Maya2020|x64
		{489EB364-3456-F5B1-9D5D-CE0D893490A2}.Debug|Maya2020.Build.0 = Debug Maya2020|x64
		{489EB364-3456-F5B1-9D5D-CE0D893490A2}.Debug|vufApp19.ActiveCfg = Debug vufApp19|x64
		{489EB364-3456-F5B1-9D5D-CE0D893490A2}.Debug|vufApp19.Build.0 = Debug vufApp19|x64
		{489EB364-3456-F5B1-9D5D-CE0D893490A2}.Release|Maya2018.ActiveCfg = Release Maya2018|x64
		{489EB364-3456-F5B1-9D5D-CE0D893490A2}.Release|Maya2018.Build.0 = Release Maya2018|x64
		{489EB364-3456-F5B1-9D5D-CE0D893490A2}.Release|Maya2019.ActiveCfg = Release Maya2019|x64
		{489EB364-3456-F5B1-9D5D-CE0D893490A2}.Release|Maya2019.Build.0 = Release Maya2019|x64
		{489EB364-3456-F5B1-9D5D-CE0D893490A2}.Release|Maya2020.ActiveCfg = Release Maya2020|x64
		{489EB364-3456-F5B1-9D5D-CE0D893490A2}.Release|Maya2020.Build.0 = Release Maya2020|x64
		{489EB364-3456-F5B1-9D5D-CE0D893490A2}.Release|vufApp19.ActiveCfg = Release vufApp19|x64
		{489EB364-3456-F5B1-9D5D-CE0D893490A2}.Release|vufApp19.Build.0 = Release vufApp19|x64
		{AFF4887C-9B2B-8A0D-4418-7010302E060F}.Debug|Maya2018.ActiveCfg = Debug Maya2018|x64
		{AFF4887C-9B2B-8A0D-4418-7010302E060F}.Debug|Maya2018.Build.0 = Debug Maya2018|x64
		{AFF4887C-9B2B-8A0D-4418-7010302E060F}.Debug|Maya2019.ActiveCfg = Debug Maya2019|x64
		{AFF4887C-9B2B-8A0D-4418-7010302E060F}.Debug|Maya2019.Build.0 = Debug Maya2019|x64
		{AFF4887C-9B2B-8A0D-4418-7010302E060F}.Debug|Maya2020.ActiveCfg = Debug Maya2020|x64
		{AFF4887C-9B2B-8A0D-4418-7010302E060F}.Debug|Maya2020.Build.0 = Debug Maya2020|x64
		{AFF4887C-9B2B-8A0D-4418-7010302E060F}.Debug|vufApp19.ActiveCfg = Debug vufApp19|x64
		{AFF4887C-9B2B-8A0D-4418-7010302E060F}.Debug|vufApp19.Build.0 = Debug vufApp19|x64
		{AFF4887C-9B2B-8A0D-4418-7010302E060F}.Release|Maya2018.ActiveCfg = Release Maya2018|x64
		{AFF4887C-9B2B-8A0D-4418-7010302E060F}.Release|Maya2018.Build.0 = Release Maya2018|x64
		{AFF4887C-9B2B-8A0D-4418-7010302E060F}.Release|Maya2019.ActiveCfg = Release Maya2019|x64
		{AFF4887C-9B2B-8A0D-4418-7010302E060F}.Release|Maya2019.Build.0 = Release Maya2019|x64
		{AFF4887C-9B2B-8A0D-4418-7010302E060F}.Release|Maya2020.ActiveCfg = Release Maya2020|x64
		{AFF4887C-9B2B-8A0D-4418-7010302E060F}.Release|Maya2020.Build.0 = Release Maya2020|x64
		{AFF4887C-9B2B-8A0D-4418-7010302E060F}.Release|vufApp19.ActiveCfg = Release vufApp19|x64
		{AFF4887C-9B2B-8A0D-4418-7010302E060F}.Release|vufApp19.Build.0 = Release vufApp19|x64
		{4DF5887C-392C-8A0D-E218-7010CE2E060F}.Debug|Maya2018.ActiveCfg = Debug Maya2018|x64
		{4DF5887C-392C-8A0D-E218-7010CE2E060F}.Debug|Maya2018.Build.0 = Debug Maya2018|x64
		{4DF5887C-392C-8A0D-E218-7010CE2E060F}.Debug|Maya2019.ActiveCfg = Debug Maya2019|x64
		{4DF5887C-392C-8A0D-E218-7010CE2E060F}.Debug|Maya2019.Build.0 = Debug Maya2019|x64
		{4DF5887C-392C-8A0D-E218-7010CE2E060F}.Debug|Maya2020.ActiveCfg = Debug Maya2020|x64
		{4DF5887C-392C-8A0D-E218-7010CE2E060F}.Debug|Maya2020.Build.0 = Debug Maya2020|x64
		{4DF5887C-392C-8A0D-E218-7010CE2E060F}.Debug|vufApp19.ActiveCfg = Debug vufApp19|x64
		{4DF5887C-392C-8A0D-E218-7010CE2E060F}.Debug|vufApp19.Build.0 = Debug vufApp19|x64
		{4DF5887C-392C-8A0D-E218-7010CE2E060F}.Release|Maya2018.ActiveCfg = Release Maya2018|x64
		{4DF5887C-392C-8A0D-E218-7010CE2E060F}.Release|Maya2018.Build.0 = Release Maya2018|x64
		{4DF5887C-392C-8A0D-E218-7010CE2E060F}.Release|Maya2019.ActiveCfg = Release Maya2019|x64
		{4DF5887C-392C-8A0D-E218-7010CE2E060F}.Release|Maya2019.Build.0 = Release Maya2019|x64
		{4DF5887C-392C-8A0D-E218-7010CE2E060F}.Release|Maya2020.ActiveCfg = Release Maya2020|x64
		{4DF5887C-392C-8A0D-E218-7010CE2E060F}.Release|Maya2020.Build.0 = Release Maya2020|x64
		{4DF5887C-392C-8A0D-E218-7010CE2E060F}.Release|vufApp19.ActiveCfg = Release vufApp19|x64
		{4DF5887C-392C-8A0D-E218-7010CE2E060F}.Release|vufApp19.Build.0 = Release vufApp19|x64
		{06864AC8-F227-759E-DBE2-88F2C723FCEE}.Debug|Maya2018.ActiveCfg = Debug Maya2018|x64
		{06864AC8-F227-759E-DBE2-88F2C723FCEE}.Debug|Maya2018.Build.0 = Debug Maya2018|x64
		{06864AC8-F227-759E-DBE2-88F2C723FCEE}.Debug|Maya2019.ActiveCfg = Debug Maya2019|x64
		{06864AC8-F227-759E-DBE2-88F2C723FCEE}.Debug|Maya2019.Build.0 = Debug Maya2019|x64
		{06864AC8-F227-759E-DBE2-88F2C723FCEE}.Debug|Maya2020.ActiveCfg = Debug Maya2020|x64
		{06864AC8-F227-759E-DBE2-88F2C723FCEE}.Debug|Maya2020.Build.0 = Debug Maya2020|x64
		{06864AC8-F227-759E-DBE2-88F2C723FCEE}.Debug|vufApp19.ActiveCfg = Debug vufApp19|x64
		{06864AC8-F227-759E-DBE2-88F2C723FCEE}.Debug|vufApp19.Build.0 = Debug vufApp19|x64
		{06864AC8-F227-759E-DBE2-88F2C723FCEE}.Release|Maya2018.ActiveCfg = Release Maya2018|x64
		{06864AC8-F227-759E-DBE2-88F2C723FCEE}.Release|Maya2018.Build.0 = Release Maya2018|x64
		{06864AC8-F227-759E-DBE2-88F2C723FCEE}.Release|Maya2019.ActiveCfg = Release Maya2019|x64
		{06864AC8-F227-759E-DBE2-88F2C723FCEE}.Release|Maya2019.Build.0 = Release Maya2019|x64
		{06864AC8-F227-759E-DBE2-88F2C723FCEE}.Release|Maya2020.ActiveCfg = Release Maya2020|x64
		{06864AC8-F227-759E-DBE2-88F2C723FCEE}.Release|Maya2020.Build.0 = Release Maya2020|x64
		{06864AC8-F227-759E-DBE2-88F2C723FCEE}.Release|vufApp19.ActiveCfg = Release vufApp19|x64
		{06864AC8-F227-759E-DBE2-88F2C723FCEE}.Release|vufApp19.Build.0 = Release vufApp19|x64
		{F4C124E3-60A1-A37E-69B9-2E55D5170AE0}.Debug|Maya2018.ActiveCfg = Debug Maya2018|x64
		{F4C124E3-60A1-A37E-69B9-2E55D5170AE0}.Debug|Maya2018.Build.0 = Debug Maya2018|x64
		{F4C124E3-60A1-A37E-69B9-2E55D5170AE0}.Debug|Maya2019.ActiveCfg = Debug Maya2019|x64
		{F4C124E3-60A1-A37E-69B9-2E55D5170AE0}.Debug|Maya2019.Build.0 = Debug Maya2019|x64
		{F4C124E3-60A1-A37E-69B9-2E55D5170AE0}.Debug|Maya2020.ActiveCfg = Debug Maya2020|x64
		{F4C124E3-60A1-A37E-69B9-2E55D5170AE0}.Debug|Maya2020.Build.0 = Debug Maya2020|x64
		{F4C124E3-60A1-A37E-69B9-2E55D5170AE0}.Debug|vufApp19.ActiveCfg = Debug vufApp19|x64
		{F4C124E3-60A1-A37E-69B9-2E55D5170AE0}.Debug|vufApp19.Build.0 = Debug vufApp19|x64
		{F4C124E3-60A1-A37E-69B9-2E55D5170AE0}.Release|Maya2018.ActiveCfg = Release Maya2018|x64
		{F4C124E3-60A1-A37E-69B9-2E55D5170AE0}.Release|Maya2018.Build.0 = Release Maya2018|x64
		{F4C124E3-60A1-A37E-69B9-2E55D5170AE0}.Release|Maya2019.ActiveCfg = Release Maya2019|x64
		{F4C124E3-60A1-A37E-69B9-2E55D5170AE0}.Release|Maya2019.Build.0 = Release Maya2019|x64
		{F4C124E3-60A1-A37E-69B9-2E55D5170AE0}.Release|Maya2020.ActiveCfg = Release Maya2020|x64
		{F4C124E3-60A1-A37E-69B9-2E55D5170AE0}.Release|Maya2020.Build.0 = Release Maya2020|x64
		{F4C124E3-60A1-A37E-69B9-2E55D5170AE0}.Release|vufApp19.ActiveCfg = Release vufApp19|x64
		{F4C124E3-60A1-A37E-69B9-2E55D5170AE0}.Release|vufApp19.Build.0 = Release vufApp19|x64
	EndGlobalSection
	GlobalSection(SolutionProperties) = preSolution
		HideSolutionNode = FALSE
	EndGlobalSection
EndGlobal
