<?xml version="1.0" encoding="utf-8"?>
<Project ToolsVersion="4.0" xmlns="http://schemas.microsoft.com/developer/msbuild/2003">
  <ItemGroup>
    <Filter Include="include">
      <UniqueIdentifier>{89AF369E-F58E-B539-FEA6-40106A051C9B}</UniqueIdentifier>
    </Filter>
    <Filter Include="include\coreItems">
      <UniqueIdentifier>{237F488B-8F95-4621-D80C-D242446217A9}</UniqueIdentifier>
    </Filter>
    <Filter Include="include\coreUtils">
      <UniqueIdentifier>{12B6218C-7ECC-1F22-C743-AB433399F0A9}</UniqueIdentifier>
    </Filter>
    <Filter Include="include\serializer">
      <UniqueIdentifier>{12717B13-FE54-3C69-67B5-36BC53B826EB}</UniqueIdentifier>
    </Filter>
    <Filter Include="include\unitTestCore">
      <UniqueIdentifier>{81C0E3CB-6D4F-6D95-166E-819002DC7D3B}</UniqueIdentifier>
    </Filter>
    <Filter Include="include\unitTestCore\serializer">
      <UniqueIdentifier>{0AF7A0DC-76DA-AF1C-7FDD-DD58EB3F766D}</UniqueIdentifier>
    </Filter>
    <Filter Include="src">
      <UniqueIdentifier>{2DAB880B-99B4-887C-2230-9F7C8E38947C}</UniqueIdentifier>
    </Filter>
    <Filter Include="src\coreItems">
      <UniqueIdentifier>{C757F4E6-3318-701D-FC52-B99A68D2B4F9}</UniqueIdentifier>
    </Filter>
    <Filter Include="src\coreUtils">
      <UniqueIdentifier>{B68ECDE7-224F-491E-EB89-929B57098EFA}</UniqueIdentifier>
    </Filter>
  </ItemGroup>
  <ItemGroup>
    <ClInclude Include="include\coreItems\vufTreeJsonObject.h">
      <Filter>include\coreItems</Filter>
    </ClInclude>
    <ClInclude Include="include\coreUtils\vufFileUtils.h">
      <Filter>include\coreUtils</Filter>
    </ClInclude>
    <ClInclude Include="include\coreUtils\vufStringUtils.h">
      <Filter>include\coreUtils</Filter>
    </ClInclude>
    <ClInclude Include="include\serializer\vufStdVectorNumberSerializerFn.h">
      <Filter>include\serializer</Filter>
    </ClInclude>
    <ClInclude Include="include\serializer\vufTxtSerializer.h">
      <Filter>include\serializer</Filter>
    </ClInclude>
    <ClInclude Include="include\unitTestCore\serializer\vufTxtSeriaslizerUT.h">
      <Filter>include\unitTestCore\serializer</Filter>
    </ClInclude>
    <ClInclude Include="include\vufCoreInclude.h">
      <Filter>include</Filter>
    </ClInclude>
    <ClInclude Include="include\vufLog.h">
      <Filter>include</Filter>
    </ClInclude>
    <ClInclude Include="include\unitTestCore\serializer\stdVectorNumberSerializerFn.h">
      <Filter>include\unitTestCore\serializer</Filter>
    </ClInclude>
  </ItemGroup>
  <ItemGroup>
    <ClCompile Include="src\coreItems\vufTreeJsonObject.cpp">
      <Filter>src\coreItems</Filter>
    </ClCompile>
    <ClCompile Include="src\coreUtils\vufFileUtils.cpp">
      <Filter>src\coreUtils</Filter>
    </ClCompile>
    <ClCompile Include="src\coreUtils\vufStringUtils.cpp">
      <Filter>src\coreUtils</Filter>
    </ClCompile>
    <ClCompile Include="src\mainConsole.cpp">
      <Filter>src</Filter>
    </ClCompile>
    <ClCompile Include="src\vufStdLog.cpp">
      <Filter>src</Filter>
    </ClCompile>
  </ItemGroup>
</Project>